
Microsoft Visual Studio Solution File, Format Version 12.00
# Visual Studio Version 16
VisualStudioVersion = 16.0.30204.135
MinimumVisualStudioVersion = 10.0.40219.1
Project("{9A19103F-16F7-4668-BE54-9A1E7A4F7556}") = "SramComparer", "SramComparer.csproj", "{AD81A4B3-5AF1-4E41-B5DB-138FDE874594}"
EndProject
Project("{9A19103F-16F7-4668-BE54-9A1E7A4F7556}") = "SramCommons", "..\SramCommons\SramCommons.csproj", "{68BBC5F7-8EB7-41EC-98AF-5F560ECED0D1}"
EndProject
Project("{9A19103F-16F7-4668-BE54-9A1E7A4F7556}") = "SavestateFormat.Snes9x", "..\SavestateFormat.Snes9x\SavestateFormat.Snes9x.csproj", "{D0955A48-DE3D-4D8B-B088-D0D86256CF91}"
EndProject
Global
	GlobalSection(SolutionConfigurationPlatforms) = preSolution
		Debug|Any CPU = Debug|Any CPU
		Release|Any CPU = Release|Any CPU
	EndGlobalSection
	GlobalSection(ProjectConfigurationPlatforms) = postSolution
		{AD81A4B3-5AF1-4E41-B5DB-138FDE874594}.Debug|Any CPU.ActiveCfg = Debug|Any CPU
		{AD81A4B3-5AF1-4E41-B5DB-138FDE874594}.Debug|Any CPU.Build.0 = Debug|Any CPU
		{AD81A4B3-5AF1-4E41-B5DB-138FDE874594}.Release|Any CPU.ActiveCfg = Release|Any CPU
		{AD81A4B3-5AF1-4E41-B5DB-138FDE874594}.Release|Any CPU.Build.0 = Release|Any CPU
		{68BBC5F7-8EB7-41EC-98AF-5F560ECED0D1}.Debug|Any CPU.ActiveCfg = Debug|Any CPU
		{68BBC5F7-8EB7-41EC-98AF-5F560ECED0D1}.Debug|Any CPU.Build.0 = Debug|Any CPU
		{68BBC5F7-8EB7-41EC-98AF-5F560ECED0D1}.Release|Any CPU.ActiveCfg = Release|Any CPU
		{68BBC5F7-8EB7-41EC-98AF-5F560ECED0D1}.Release|Any CPU.Build.0 = Release|Any CPU
		{D0955A48-DE3D-4D8B-B088-D0D86256CF91}.Debug|Any CPU.ActiveCfg = Debug|Any CPU
		{D0955A48-DE3D-4D8B-B088-D0D86256CF91}.Debug|Any CPU.Build.0 = Debug|Any CPU
		{D0955A48-DE3D-4D8B-B088-D0D86256CF91}.Release|Any CPU.ActiveCfg = Release|Any CPU
		{D0955A48-DE3D-4D8B-B088-D0D86256CF91}.Release|Any CPU.Build.0 = Release|Any CPU
	EndGlobalSection
	GlobalSection(SolutionProperties) = preSolution
		HideSolutionNode = FALSE
	EndGlobalSection
	GlobalSection(ExtensibilityGlobals) = postSolution
		SolutionGuid = {FA25E828-0B65-4F23-BE74-D81FB9A34119}
	EndGlobalSection
EndGlobal
